# THIS IS AN AUTOGENERATED FILE. DO NOT EDIT THIS FILE DIRECTLY.
# yarn lockfile v1


"@netlify/edge-functions@^2.2.0":
  version "2.2.0"
  resolved "https://registry.yarnpkg.com/@netlify/edge-functions/-/edge-functions-2.2.0.tgz#5f7f5c7602a7f98888a4b4421576ca609dad2083"
  integrity sha512-8UeKA2nUDB0oWE+Z0gLpA7wpLq8nM+NrZEQMfSdzfMJNvmYVabil/mS07rb0EBrUxM9PCKidKenaiCRnPTBSKw==
